
Microsoft Visual Studio Solution File, Format Version 12.00
# Visual Studio Version 17
VisualStudioVersion = 17.2.32505.173
MinimumVisualStudioVersion = 10.0.40219.1
Project("{FAE04EC0-301F-11D3-BF4B-00C04F79EFBC}") = "NaychnayaKonferencia", "NaychnayaKonferencia.csproj", "{48CF4480-A096-4A1D-9190-BCC8CA05FBA1}"
EndProject
Global
	GlobalSection(SolutionConfigurationPlatforms) = preSolution
		Debug|Any CPU = Debug|Any CPU
		Release|Any CPU = Release|Any CPU
	EndGlobalSection
	GlobalSection(ProjectConfigurationPlatforms) = postSolution
		{48CF4480-A096-4A1D-9190-BCC8CA05FBA1}.Debug|Any CPU.ActiveCfg = Debug|Any CPU
		{48CF4480-A096-4A1D-9190-BCC8CA05FBA1}.Debug|Any CPU.Build.0 = Debug|Any CPU
		{48CF4480-A096-4A1D-9190-BCC8CA05FBA1}.Release|Any CPU.ActiveCfg = Release|Any CPU
		{48CF4480-A096-4A1D-9190-BCC8CA05FBA1}.Release|Any CPU.Build.0 = Release|Any CPU
	EndGlobalSection
	GlobalSection(SolutionProperties) = preSolution
		HideSolutionNode = FALSE
	EndGlobalSection
	GlobalSection(ExtensibilityGlobals) = postSolution
		SolutionGuid = {55828A84-DDA2-487E-AD54-6B90246F9B4E}
	EndGlobalSection
EndGlobal
